
Microsoft Visual Studio Solution File, Format Version 12.00
# Visual Studio Version 17
VisualStudioVersion = 17.14.36518.9
MinimumVisualStudioVersion = 10.0.40219.1
Project("{FAE04EC0-301F-11D3-BF4B-00C04F79EFBC}") = "BlazorIdle", "BlazorIdle\BlazorIdle.csproj", "{0382E31C-AC2D-4846-B21F-ED1B4FE0CB69}"
EndProject
Project("{FAE04EC0-301F-11D3-BF4B-00C04F79EFBC}") = "BlazorIdle.Server", "BlazorIdle.Server\BlazorIdle.Server.csproj", "{D590F98C-B8B9-47D7-808E-3CE6D4B3D0F6}"
EndProject
Project("{FAE04EC0-301F-11D3-BF4B-00C04F79EFBC}") = "BlazorIdle.Shared", "BlazorIdle.Shared\BlazorIdle.Shared.csproj", "{A940F570-9E7A-49F9-AD6D-165B0775B664}"
EndProject
Project("{FAE04EC0-301F-11D3-BF4B-00C04F79EFBC}") = "BlazorIdle.Tests", "BlazorIdle.Tests\BlazorIdle.Tests.csproj", "{4BD518A7-AF5E-427A-A023-02429F7C54F0}"
EndProject
Global
	GlobalSection(SolutionConfigurationPlatforms) = preSolution
		Debug|Any CPU = Debug|Any CPU
		Debug|x64 = Debug|x64
		Debug|x86 = Debug|x86
		Release|Any CPU = Release|Any CPU
		Release|x64 = Release|x64
		Release|x86 = Release|x86
	EndGlobalSection
	GlobalSection(ProjectConfigurationPlatforms) = postSolution
		{0382E31C-AC2D-4846-B21F-ED1B4FE0CB69}.Debug|Any CPU.ActiveCfg = Debug|Any CPU
		{0382E31C-AC2D-4846-B21F-ED1B4FE0CB69}.Debug|Any CPU.Build.0 = Debug|Any CPU
		{0382E31C-AC2D-4846-B21F-ED1B4FE0CB69}.Debug|x64.ActiveCfg = Debug|Any CPU
		{0382E31C-AC2D-4846-B21F-ED1B4FE0CB69}.Debug|x64.Build.0 = Debug|Any CPU
		{0382E31C-AC2D-4846-B21F-ED1B4FE0CB69}.Debug|x86.ActiveCfg = Debug|Any CPU
		{0382E31C-AC2D-4846-B21F-ED1B4FE0CB69}.Debug|x86.Build.0 = Debug|Any CPU
		{0382E31C-AC2D-4846-B21F-ED1B4FE0CB69}.Release|Any CPU.ActiveCfg = Release|Any CPU
		{0382E31C-AC2D-4846-B21F-ED1B4FE0CB69}.Release|Any CPU.Build.0 = Release|Any CPU
		{0382E31C-AC2D-4846-B21F-ED1B4FE0CB69}.Release|x64.ActiveCfg = Release|Any CPU
		{0382E31C-AC2D-4846-B21F-ED1B4FE0CB69}.Release|x64.Build.0 = Release|Any CPU
		{0382E31C-AC2D-4846-B21F-ED1B4FE0CB69}.Release|x86.ActiveCfg = Release|Any CPU
		{0382E31C-AC2D-4846-B21F-ED1B4FE0CB69}.Release|x86.Build.0 = Release|Any CPU
		{D590F98C-B8B9-47D7-808E-3CE6D4B3D0F6}.Debug|Any CPU.ActiveCfg = Debug|Any CPU
		{D590F98C-B8B9-47D7-808E-3CE6D4B3D0F6}.Debug|Any CPU.Build.0 = Debug|Any CPU
		{D590F98C-B8B9-47D7-808E-3CE6D4B3D0F6}.Debug|x64.ActiveCfg = Debug|Any CPU
		{D590F98C-B8B9-47D7-808E-3CE6D4B3D0F6}.Debug|x64.Build.0 = Debug|Any CPU
		{D590F98C-B8B9-47D7-808E-3CE6D4B3D0F6}.Debug|x86.ActiveCfg = Debug|Any CPU
		{D590F98C-B8B9-47D7-808E-3CE6D4B3D0F6}.Debug|x86.Build.0 = Debug|Any CPU
		{D590F98C-B8B9-47D7-808E-3CE6D4B3D0F6}.Release|Any CPU.ActiveCfg = Release|Any CPU
		{D590F98C-B8B9-47D7-808E-3CE6D4B3D0F6}.Release|Any CPU.Build.0 = Release|Any CPU
		{D590F98C-B8B9-47D7-808E-3CE6D4B3D0F6}.Release|x64.ActiveCfg = Release|Any CPU
		{D590F98C-B8B9-47D7-808E-3CE6D4B3D0F6}.Release|x64.Build.0 = Release|Any CPU
		{D590F98C-B8B9-47D7-808E-3CE6D4B3D0F6}.Release|x86.ActiveCfg = Release|Any CPU
		{D590F98C-B8B9-47D7-808E-3CE6D4B3D0F6}.Release|x86.Build.0 = Release|Any CPU
		{A940F570-9E7A-49F9-AD6D-165B0775B664}.Debug|Any CPU.ActiveCfg = Debug|Any CPU
		{A940F570-9E7A-49F9-AD6D-165B0775B664}.Debug|Any CPU.Build.0 = Debug|Any CPU
		{A940F570-9E7A-49F9-AD6D-165B0775B664}.Debug|x64.ActiveCfg = Debug|Any CPU
		{A940F570-9E7A-49F9-AD6D-165B0775B664}.Debug|x64.Build.0 = Debug|Any CPU
		{A940F570-9E7A-49F9-AD6D-165B0775B664}.Debug|x86.ActiveCfg = Debug|Any CPU
		{A940F570-9E7A-49F9-AD6D-165B0775B664}.Debug|x86.Build.0 = Debug|Any CPU
		{A940F570-9E7A-49F9-AD6D-165B0775B664}.Release|Any CPU.ActiveCfg = Release|Any CPU
		{A940F570-9E7A-49F9-AD6D-165B0775B664}.Release|Any CPU.Build.0 = Release|Any CPU
		{A940F570-9E7A-49F9-AD6D-165B0775B664}.Release|x64.ActiveCfg = Release|Any CPU
		{A940F570-9E7A-49F9-AD6D-165B0775B664}.Release|x64.Build.0 = Release|Any CPU
		{A940F570-9E7A-49F9-AD6D-165B0775B664}.Release|x86.ActiveCfg = Release|Any CPU
		{A940F570-9E7A-49F9-AD6D-165B0775B664}.Release|x86.Build.0 = Release|Any CPU
		{4BD518A7-AF5E-427A-A023-02429F7C54F0}.Debug|Any CPU.ActiveCfg = Debug|Any CPU
		{4BD518A7-AF5E-427A-A023-02429F7C54F0}.Debug|Any CPU.Build.0 = Debug|Any CPU
		{4BD518A7-AF5E-427A-A023-02429F7C54F0}.Debug|x64.ActiveCfg = Debug|Any CPU
		{4BD518A7-AF5E-427A-A023-02429F7C54F0}.Debug|x64.Build.0 = Debug|Any CPU
		{4BD518A7-AF5E-427A-A023-02429F7C54F0}.Debug|x86.ActiveCfg = Debug|Any CPU
		{4BD518A7-AF5E-427A-A023-02429F7C54F0}.Debug|x86.Build.0 = Debug|Any CPU
		{4BD518A7-AF5E-427A-A023-02429F7C54F0}.Release|Any CPU.ActiveCfg = Release|Any CPU
		{4BD518A7-AF5E-427A-A023-02429F7C54F0}.Release|Any CPU.Build.0 = Release|Any CPU
		{4BD518A7-AF5E-427A-A023-02429F7C54F0}.Release|x64.ActiveCfg = Release|Any CPU
		{4BD518A7-AF5E-427A-A023-02429F7C54F0}.Release|x64.Build.0 = Release|Any CPU
		{4BD518A7-AF5E-427A-A023-02429F7C54F0}.Release|x86.ActiveCfg = Release|Any CPU
		{4BD518A7-AF5E-427A-A023-02429F7C54F0}.Release|x86.Build.0 = Release|Any CPU
	EndGlobalSection
	GlobalSection(SolutionProperties) = preSolution
		HideSolutionNode = FALSE
	EndGlobalSection
	GlobalSection(ExtensibilityGlobals) = postSolution
		SolutionGuid = {A1E02878-DFD3-4B8B-A6F5-3FB57BDF55F3}
	EndGlobalSection
EndGlobal
